
Microsoft Visual Studio Solution File, Format Version 12.00
# Visual Studio 2013
VisualStudioVersion = 12.0.31101.0
MinimumVisualStudioVersion = 10.0.40219.1
Project("{FAE04EC0-301F-11D3-BF4B-00C04F79EFBC}") = "BurningWheelConsole", "BurningWheelConsole\BurningWheelConsole.csproj", "{FA6B1F8A-D9A1-4E15-9BC8-C0D47D1592E1}"
EndProject
Global
	GlobalSection(SolutionConfigurationPlatforms) = preSolution
		Debug|Any CPU = Debug|Any CPU
		Release|Any CPU = Release|Any CPU
	EndGlobalSection
	GlobalSection(ProjectConfigurationPlatforms) = postSolution
		{FA6B1F8A-D9A1-4E15-9BC8-C0D47D1592E1}.Debug|Any CPU.ActiveCfg = Debug|Any CPU
		{FA6B1F8A-D9A1-4E15-9BC8-C0D47D1592E1}.Debug|Any CPU.Build.0 = Debug|Any CPU
		{FA6B1F8A-D9A1-4E15-9BC8-C0D47D1592E1}.Release|Any CPU.ActiveCfg = Release|Any CPU
		{FA6B1F8A-D9A1-4E15-9BC8-C0D47D1592E1}.Release|Any CPU.Build.0 = Release|Any CPU
	EndGlobalSection
	GlobalSection(SolutionProperties) = preSolution
		HideSolutionNode = FALSE
	EndGlobalSection
EndGlobal
