
Microsoft Visual Studio Solution File, Format Version 12.00
# Visual Studio 2013
VisualStudioVersion = 12.0.31101.0
MinimumVisualStudioVersion = 10.0.40219.1
Project("{FAE04EC0-301F-11D3-BF4B-00C04F79EFBC}") = "JSONDataEditor", "JSONDataEditor\JSONDataEditor.csproj", "{462F4035-C770-479E-8238-099F4225AEC1}"
EndProject
Project("{FAE04EC0-301F-11D3-BF4B-00C04F79EFBC}") = "JSONDataEditorTest", "JSONDataEditorTest\JSONDataEditorTest.csproj", "{66A1AFF7-F526-4613-9AFC-1D38AF79775D}"
EndProject
Global
	GlobalSection(SolutionConfigurationPlatforms) = preSolution
		Debug|Any CPU = Debug|Any CPU
		Release|Any CPU = Release|Any CPU
	EndGlobalSection
	GlobalSection(ProjectConfigurationPlatforms) = postSolution
		{462F4035-C770-479E-8238-099F4225AEC1}.Debug|Any CPU.ActiveCfg = Debug|Any CPU
		{462F4035-C770-479E-8238-099F4225AEC1}.Debug|Any CPU.Build.0 = Debug|Any CPU
		{462F4035-C770-479E-8238-099F4225AEC1}.Release|Any CPU.ActiveCfg = Release|Any CPU
		{462F4035-C770-479E-8238-099F4225AEC1}.Release|Any CPU.Build.0 = Release|Any CPU
		{66A1AFF7-F526-4613-9AFC-1D38AF79775D}.Debug|Any CPU.ActiveCfg = Debug|Any CPU
		{66A1AFF7-F526-4613-9AFC-1D38AF79775D}.Debug|Any CPU.Build.0 = Debug|Any CPU
		{66A1AFF7-F526-4613-9AFC-1D38AF79775D}.Release|Any CPU.ActiveCfg = Release|Any CPU
		{66A1AFF7-F526-4613-9AFC-1D38AF79775D}.Release|Any CPU.Build.0 = Release|Any CPU
	EndGlobalSection
	GlobalSection(SolutionProperties) = preSolution
		HideSolutionNode = FALSE
	EndGlobalSection
EndGlobal
